GIT
  remote: https://github.com/ParadoxV5/yard.git
  revision: 9e869c940859570b07b81c5eadd6070e76f6291e
  ref: 9e869c940859570b07b81c5eadd6070e76f6291e
  branch: commonmarker-1.0
  specs:
    yard (0.9.36)

GIT
  remote: https://github.com/ivantsepp/minitest-skip.git
  revision: 51d252b943237e8431e1dc7c99a804ded6ddf672
  branch: noraj-patch-1
  specs:
    minitest-skip (1.0.0)
      minitest (~> 6.0)

PATH
  remote: .
  specs:
    ctf-party (5.0.0)
      base64 (~> 0.2.0)
      cgi (~> 0.4)
      docopt (~> 0.6)
      uri (~> 1.1)

GEM
  remote: https://rubygems.org/
  specs:
    ast (2.4.3)
    base64 (0.2.0)
    cgi (0.5.1)
    commonmarker (2.6.0)
      rb_sys (~> 0.9)
    commonmarker (2.6.0-x86_64-linux)
    docopt (0.6.1)
    json (2.18.0)
    language_server-protocol (3.17.0.5)
    lint_roller (1.1.0)
    minitest (6.0.1)
      prism (~> 1.5)
    parallel (1.27.0)
    parser (3.3.10.0)
      ast (~> 2.4.1)
      racc
    prism (1.7.0)
    racc (1.8.1)
    rainbow (3.1.1)
    rake (13.3.1)
    rake-compiler-dock (1.10.0)
    rb_sys (0.9.123)
      rake-compiler-dock (= 1.10.0)
    regexp_parser (2.11.3)
    rubocop (1.82.1)
      json (~> 2.3)
      language_server-protocol (~> 3.17.0.2)
      lint_roller (~> 1.1.0)
      parallel (~> 1.10)
      parser (>= 3.3.0.2)
      rainbow (>= 2.2.2, < 4.0)
      regexp_parser (>= 2.9.3, < 3.0)
      rubocop-ast (>= 1.48.0, < 2.0)
      ruby-progressbar (~> 1.7)
      unicode-display_width (>= 2.4.0, < 4.0)
    rubocop-ast (1.49.0)
      parser (>= 3.3.7.2)
      prism (~> 1.7)
    ruby-progressbar (1.13.0)
    unicode-display_width (3.2.0)
      unicode-emoji (~> 4.1)
    unicode-emoji (4.2.0)
    uri (1.1.1)

PLATFORMS
  ruby
  x86_64-linux

DEPENDENCIES
  base64 (~> 0.2.0)
  bundler (~> 4.0)
  cgi (~> 0.4)
  commonmarker (~> 2.0)
  ctf-party!
  docopt (~> 0.6)
  minitest (~> 6.0)
  minitest-skip!
  rake (~> 13.3)
  rubocop (~> 1.75)
  uri (~> 1.1)
  yard!

BUNDLED WITH
  4.0.3
